
Microsoft Visual Studio Solution File, Format Version 12.00
# Visual Studio Version 17
VisualStudioVersion = 17.3.32929.385
MinimumVisualStudioVersion = 10.0.40219.1
Project("{FAE04EC0-301F-11D3-BF4B-00C04F79EFBC}") = "ESDAT_Examen_T3", "ESDAT_Examen_T3.csproj", "{D1C86621-31B7-4073-A523-D891FC7B1AB5}"
EndProject
Global
	GlobalSection(SolutionConfigurationPlatforms) = preSolution
		Debug|Any CPU = Debug|Any CPU
		Release|Any CPU = Release|Any CPU
	EndGlobalSection
	GlobalSection(ProjectConfigurationPlatforms) = postSolution
		{D1C86621-31B7-4073-A523-D891FC7B1AB5}.Debug|Any CPU.ActiveCfg = Debug|Any CPU
		{D1C86621-31B7-4073-A523-D891FC7B1AB5}.Debug|Any CPU.Build.0 = Debug|Any CPU
		{D1C86621-31B7-4073-A523-D891FC7B1AB5}.Release|Any CPU.ActiveCfg = Release|Any CPU
		{D1C86621-31B7-4073-A523-D891FC7B1AB5}.Release|Any CPU.Build.0 = Release|Any CPU
	EndGlobalSection
	GlobalSection(SolutionProperties) = preSolution
		HideSolutionNode = FALSE
	EndGlobalSection
	GlobalSection(ExtensibilityGlobals) = postSolution
		SolutionGuid = {1D82A45C-7EB9-4258-BA38-3A45DFE85F82}
	EndGlobalSection
EndGlobal
